
Microsoft Visual Studio Solution File, Format Version 12.00
# Visual Studio Version 16
VisualStudioVersion = 16.0.29806.167
MinimumVisualStudioVersion = 10.0.40219.1
Project("{9A19103F-16F7-4668-BE54-9A1E7A4F7556}") = "QuantumLogic.WebApi", "QuantumLogic\QuantumLogic.WebApi.csproj", "{59B8914A-305B-4A57-AF4D-CC5827787AB7}"
EndProject
Project("{9A19103F-16F7-4668-BE54-9A1E7A4F7556}") = "QuantumLogic.Data", "QuantumLogic.Data\QuantumLogic.Data.csproj", "{8FB92484-AD8F-4D20-B124-97B4F8FA5926}"
EndProject
Project("{9A19103F-16F7-4668-BE54-9A1E7A4F7556}") = "QuantumLogic.Core", "QuantumLogic.Core\QuantumLogic.Core.csproj", "{01A174A0-B971-4109-8BBD-FF175ED11257}"
EndProject
Global
	GlobalSection(SolutionConfigurationPlatforms) = preSolution
		Debug|Any CPU = Debug|Any CPU
		Release|Any CPU = Release|Any CPU
	EndGlobalSection
	GlobalSection(ProjectConfigurationPlatforms) = postSolution
		{59B8914A-305B-4A57-AF4D-CC5827787AB7}.Debug|Any CPU.ActiveCfg = Debug|Any CPU
		{59B8914A-305B-4A57-AF4D-CC5827787AB7}.Debug|Any CPU.Build.0 = Debug|Any CPU
		{59B8914A-305B-4A57-AF4D-CC5827787AB7}.Release|Any CPU.ActiveCfg = Release|Any CPU
		{59B8914A-305B-4A57-AF4D-CC5827787AB7}.Release|Any CPU.Build.0 = Release|Any CPU
		{8FB92484-AD8F-4D20-B124-97B4F8FA5926}.Debug|Any CPU.ActiveCfg = Debug|Any CPU
		{8FB92484-AD8F-4D20-B124-97B4F8FA5926}.Debug|Any CPU.Build.0 = Debug|Any CPU
		{8FB92484-AD8F-4D20-B124-97B4F8FA5926}.Release|Any CPU.ActiveCfg = Release|Any CPU
		{8FB92484-AD8F-4D20-B124-97B4F8FA5926}.Release|Any CPU.Build.0 = Release|Any CPU
		{01A174A0-B971-4109-8BBD-FF175ED11257}.Debug|Any CPU.ActiveCfg = Debug|Any CPU
		{01A174A0-B971-4109-8BBD-FF175ED11257}.Debug|Any CPU.Build.0 = Debug|Any CPU
		{01A174A0-B971-4109-8BBD-FF175ED11257}.Release|Any CPU.ActiveCfg = Release|Any CPU
		{01A174A0-B971-4109-8BBD-FF175ED11257}.Release|Any CPU.Build.0 = Release|Any CPU
	EndGlobalSection
	GlobalSection(SolutionProperties) = preSolution
		HideSolutionNode = FALSE
	EndGlobalSection
	GlobalSection(ExtensibilityGlobals) = postSolution
		SolutionGuid = {5DCD40B6-60A5-4C33-B2EF-A51369C2E737}
	EndGlobalSection
EndGlobal
