
Microsoft Visual Studio Solution File, Format Version 12.00
# Visual Studio 15
VisualStudioVersion = 15.0.26430.6
MinimumVisualStudioVersion = 10.0.40219.1
Project("{FAE04EC0-301F-11D3-BF4B-00C04F79EFBC}") = "QuantumLogic.WebApi", "QuantumLogic.WebApi\QuantumLogic.WebApi.csproj", "{144CEAAC-0A2E-4BDB-B015-CD3A02448433}"
EndProject
Project("{2150E333-8FDC-42A3-9474-1A3956D46DE8}") = "tests", "tests", "{9AE1CA92-39CB-4D5A-AAEB-B3A7B349C8D1}"
EndProject
Project("{2150E333-8FDC-42A3-9474-1A3956D46DE8}") = "src", "src", "{872B3A0F-DB5D-475D-9FCC-C406FF4BAC04}"
EndProject
Project("{FAE04EC0-301F-11D3-BF4B-00C04F79EFBC}") = "QuantumLogic.Data", "QuantumLogic.Data\QuantumLogic.Data.csproj", "{66929F62-7E43-4575-BF89-793D323F19B6}"
EndProject
Project("{FAE04EC0-301F-11D3-BF4B-00C04F79EFBC}") = "QuantumLogic.Application", "QuantumLogic.Application\QuantumLogic.Application.csproj", "{9102FA79-A46F-4618-83C3-2F33F396AC7E}"
EndProject
Project("{FAE04EC0-301F-11D3-BF4B-00C04F79EFBC}") = "QuantumLogic.Core", "QuantumLogic.Core\QuantumLogic.Core.csproj", "{4AA468D2-EC4D-428F-BE42-8F3B89EEC818}"
EndProject
Project("{FAE04EC0-301F-11D3-BF4B-00C04F79EFBC}") = "QuantumLogic.Tests", "QuantumLogic.Tests\QuantumLogic.Tests.csproj", "{0AC799A9-BFE4-4ACE-A3E3-C7E7EF2BD88F}"
EndProject
Global
	GlobalSection(SolutionConfigurationPlatforms) = preSolution
		Debug|Any CPU = Debug|Any CPU
		Release|Any CPU = Release|Any CPU
	EndGlobalSection
	GlobalSection(ProjectConfigurationPlatforms) = postSolution
		{144CEAAC-0A2E-4BDB-B015-CD3A02448433}.Debug|Any CPU.ActiveCfg = Debug|Any CPU
		{144CEAAC-0A2E-4BDB-B015-CD3A02448433}.Debug|Any CPU.Build.0 = Debug|Any CPU
		{144CEAAC-0A2E-4BDB-B015-CD3A02448433}.Release|Any CPU.ActiveCfg = Release|Any CPU
		{144CEAAC-0A2E-4BDB-B015-CD3A02448433}.Release|Any CPU.Build.0 = Release|Any CPU
		{66929F62-7E43-4575-BF89-793D323F19B6}.Debug|Any CPU.ActiveCfg = Debug|Any CPU
		{66929F62-7E43-4575-BF89-793D323F19B6}.Debug|Any CPU.Build.0 = Debug|Any CPU
		{66929F62-7E43-4575-BF89-793D323F19B6}.Release|Any CPU.ActiveCfg = Release|Any CPU
		{66929F62-7E43-4575-BF89-793D323F19B6}.Release|Any CPU.Build.0 = Release|Any CPU
		{9102FA79-A46F-4618-83C3-2F33F396AC7E}.Debug|Any CPU.ActiveCfg = Debug|Any CPU
		{9102FA79-A46F-4618-83C3-2F33F396AC7E}.Debug|Any CPU.Build.0 = Debug|Any CPU
		{9102FA79-A46F-4618-83C3-2F33F396AC7E}.Release|Any CPU.ActiveCfg = Release|Any CPU
		{9102FA79-A46F-4618-83C3-2F33F396AC7E}.Release|Any CPU.Build.0 = Release|Any CPU
		{4AA468D2-EC4D-428F-BE42-8F3B89EEC818}.Debug|Any CPU.ActiveCfg = Debug|Any CPU
		{4AA468D2-EC4D-428F-BE42-8F3B89EEC818}.Debug|Any CPU.Build.0 = Debug|Any CPU
		{4AA468D2-EC4D-428F-BE42-8F3B89EEC818}.Release|Any CPU.ActiveCfg = Release|Any CPU
		{4AA468D2-EC4D-428F-BE42-8F3B89EEC818}.Release|Any CPU.Build.0 = Release|Any CPU
		{0AC799A9-BFE4-4ACE-A3E3-C7E7EF2BD88F}.Debug|Any CPU.ActiveCfg = Debug|Any CPU
		{0AC799A9-BFE4-4ACE-A3E3-C7E7EF2BD88F}.Debug|Any CPU.Build.0 = Debug|Any CPU
		{0AC799A9-BFE4-4ACE-A3E3-C7E7EF2BD88F}.Release|Any CPU.ActiveCfg = Release|Any CPU
		{0AC799A9-BFE4-4ACE-A3E3-C7E7EF2BD88F}.Release|Any CPU.Build.0 = Release|Any CPU
	EndGlobalSection
	GlobalSection(SolutionProperties) = preSolution
		HideSolutionNode = FALSE
	EndGlobalSection
	GlobalSection(NestedProjects) = preSolution
		{144CEAAC-0A2E-4BDB-B015-CD3A02448433} = {872B3A0F-DB5D-475D-9FCC-C406FF4BAC04}
		{66929F62-7E43-4575-BF89-793D323F19B6} = {872B3A0F-DB5D-475D-9FCC-C406FF4BAC04}
		{9102FA79-A46F-4618-83C3-2F33F396AC7E} = {872B3A0F-DB5D-475D-9FCC-C406FF4BAC04}
		{4AA468D2-EC4D-428F-BE42-8F3B89EEC818} = {872B3A0F-DB5D-475D-9FCC-C406FF4BAC04}
		{0AC799A9-BFE4-4ACE-A3E3-C7E7EF2BD88F} = {9AE1CA92-39CB-4D5A-AAEB-B3A7B349C8D1}
	EndGlobalSection
EndGlobal
