
Microsoft Visual Studio Solution File, Format Version 12.00
# Visual Studio 15
VisualStudioVersion = 15.0.26430.6
MinimumVisualStudioVersion = 10.0.40219.1
Project("{FAE04EC0-301F-11D3-BF4B-00C04F79EFBC}") = "QuantumLogic.WebApi", "QuantumLogic.WebApi\QuantumLogic.WebApi.csproj", "{BF61AF0A-424B-4774-A7D2-68878C3324E5}"
EndProject
Project("{FAE04EC0-301F-11D3-BF4B-00C04F79EFBC}") = "QuantumLogic.Tests", "QuantumLogic.Tests\QuantumLogic.Tests.csproj", "{39AB86DC-E99B-4C30-99D8-1F428F92BEB6}"
EndProject
Global
	GlobalSection(SolutionConfigurationPlatforms) = preSolution
		Debug|Any CPU = Debug|Any CPU
		Release|Any CPU = Release|Any CPU
	EndGlobalSection
	GlobalSection(ProjectConfigurationPlatforms) = postSolution
		{BF61AF0A-424B-4774-A7D2-68878C3324E5}.Debug|Any CPU.ActiveCfg = Debug|Any CPU
		{BF61AF0A-424B-4774-A7D2-68878C3324E5}.Debug|Any CPU.Build.0 = Debug|Any CPU
		{BF61AF0A-424B-4774-A7D2-68878C3324E5}.Release|Any CPU.ActiveCfg = Release|Any CPU
		{BF61AF0A-424B-4774-A7D2-68878C3324E5}.Release|Any CPU.Build.0 = Release|Any CPU
		{39AB86DC-E99B-4C30-99D8-1F428F92BEB6}.Debug|Any CPU.ActiveCfg = Debug|Any CPU
		{39AB86DC-E99B-4C30-99D8-1F428F92BEB6}.Debug|Any CPU.Build.0 = Debug|Any CPU
		{39AB86DC-E99B-4C30-99D8-1F428F92BEB6}.Release|Any CPU.ActiveCfg = Release|Any CPU
		{39AB86DC-E99B-4C30-99D8-1F428F92BEB6}.Release|Any CPU.Build.0 = Release|Any CPU
	EndGlobalSection
	GlobalSection(SolutionProperties) = preSolution
		HideSolutionNode = FALSE
	EndGlobalSection
EndGlobal
